
Microsoft Visual Studio Solution File, Format Version 12.00
# Visual Studio Version 17
VisualStudioVersion = 17.14.36327.8 d17.14
MinimumVisualStudioVersion = 10.0.40219.1
Project("{FAE04EC0-301F-11D3-BF4B-00C04F79EFBC}") = "EphemeralScreenshots", "EphemeralScreenshots.csproj", "{FEBF7127-6B24-4A14-B24A-E666C38AAAC5}"
EndProject
Global
	GlobalSection(SolutionConfigurationPlatforms) = preSolution
		Debug|Any CPU = Debug|Any CPU
		Release|Any CPU = Release|Any CPU
	EndGlobalSection
	GlobalSection(ProjectConfigurationPlatforms) = postSolution
		{FEBF7127-6B24-4A14-B24A-E666C38AAAC5}.Debug|Any CPU.ActiveCfg = Debug|Any CPU
		{FEBF7127-6B24-4A14-B24A-E666C38AAAC5}.Debug|Any CPU.Build.0 = Debug|Any CPU
		{FEBF7127-6B24-4A14-B24A-E666C38AAAC5}.Release|Any CPU.ActiveCfg = Release|Any CPU
		{FEBF7127-6B24-4A14-B24A-E666C38AAAC5}.Release|Any CPU.Build.0 = Release|Any CPU
	EndGlobalSection
	GlobalSection(SolutionProperties) = preSolution
		HideSolutionNode = FALSE
	EndGlobalSection
	GlobalSection(ExtensibilityGlobals) = postSolution
		SolutionGuid = {32955F45-5A5E-4A2D-B826-FCAB39FADD59}
	EndGlobalSection
EndGlobal
